
Microsoft Visual Studio Solution File, Format Version 12.00
# Visual Studio Version 16
VisualStudioVersion = 16.0.29806.167
MinimumVisualStudioVersion = 10.0.40219.1
Project("{9A19103F-16F7-4668-BE54-9A1E7A4F7556}") = "lib", "lib\lib.csproj", "{E6D23F30-45B9-4D77-81FE-9888C2A8B51E}"
EndProject
Project("{9A19103F-16F7-4668-BE54-9A1E7A4F7556}") = "base64", "base64\base64.csproj", "{45DCC882-E5F4-417A-A6F3-F02B0F00F9A4}"
EndProject
Project("{9A19103F-16F7-4668-BE54-9A1E7A4F7556}") = "hex", "hex\hex.csproj", "{7CC7608C-56CB-4F74-98FB-F850C7F958DA}"
EndProject
Project("{9A19103F-16F7-4668-BE54-9A1E7A4F7556}") = "uni", "uni\uni.csproj", "{7AC68144-4D46-4753-A3BF-3D822CDB836B}"
EndProject
Project("{9A19103F-16F7-4668-BE54-9A1E7A4F7556}") = "xml", "xml\xml.csproj", "{6408EE36-F673-45FA-A9CF-79461C1C671D}"
EndProject
Project("{9A19103F-16F7-4668-BE54-9A1E7A4F7556}") = "grep", "grep\grep.csproj", "{ABD018BE-413F-4847-8156-6BB68AD215E9}"
EndProject
Project("{9A19103F-16F7-4668-BE54-9A1E7A4F7556}") = "clipimage", "clipimage\clipimage.csproj", "{998975B1-4F3F-4F47-B358-EE829C1D12F7}"
EndProject
Project("{9A19103F-16F7-4668-BE54-9A1E7A4F7556}") = "ls", "ls\ls.csproj", "{63E8B88A-1DE5-459E-A48E-B5ACDD934C36}"
EndProject
Project("{9A19103F-16F7-4668-BE54-9A1E7A4F7556}") = "lib.Sign", "lib.Sign\lib.Sign.csproj", "{3E57535A-5836-4635-BB36-B883B78C741A}"
EndProject
Project("{9A19103F-16F7-4668-BE54-9A1E7A4F7556}") = "json", "json\json.csproj", "{12303825-7C58-4CA7-9D83-99472355397E}"
EndProject
Project("{9A19103F-16F7-4668-BE54-9A1E7A4F7556}") = "replace", "replace\replace.csproj", "{B081D9BF-DB8B-4B5B-9B7C-9A8ABF2A116B}"
EndProject
Project("{9A19103F-16F7-4668-BE54-9A1E7A4F7556}") = "url", "url\url.csproj", "{1C0860C7-091F-4429-97BF-3EA41B33EDB8}"
EndProject
Project("{9A19103F-16F7-4668-BE54-9A1E7A4F7556}") = "sign", "sign\sign.csproj", "{A3484602-8A65-4C4C-B4FA-858948F25E7F}"
EndProject
Project("{9A19103F-16F7-4668-BE54-9A1E7A4F7556}") = "life", "life\life.csproj", "{630BFC3E-9D26-490C-9CC7-055A08BDCB9D}"
EndProject
Project("{9A19103F-16F7-4668-BE54-9A1E7A4F7556}") = "diff", "diff\diff.csproj", "{8DEAB6C8-C31F-47DB-9DBF-47CB7D739FA1}"
EndProject
Project("{9A19103F-16F7-4668-BE54-9A1E7A4F7556}") = "hoge", "hoge\hoge.csproj", "{97B8BC04-9DEE-4FBE-93FB-EA5B0557AADC}"
EndProject
Project("{9A19103F-16F7-4668-BE54-9A1E7A4F7556}") = "lib.Windows", "lib.Windows\lib.Windows.csproj", "{F4520B16-8326-49D3-B04C-BE35E98384BE}"
EndProject
Project("{9A19103F-16F7-4668-BE54-9A1E7A4F7556}") = "2icon", "2icon\2icon.csproj", "{9741E4B2-DF4C-4FB1-856D-6C5492D57900}"
EndProject
Global
	GlobalSection(SolutionConfigurationPlatforms) = preSolution
		Debug|Any CPU = Debug|Any CPU
		Release|Any CPU = Release|Any CPU
	EndGlobalSection
	GlobalSection(ProjectConfigurationPlatforms) = postSolution
		{E6D23F30-45B9-4D77-81FE-9888C2A8B51E}.Debug|Any CPU.ActiveCfg = Debug|Any CPU
		{E6D23F30-45B9-4D77-81FE-9888C2A8B51E}.Debug|Any CPU.Build.0 = Debug|Any CPU
		{E6D23F30-45B9-4D77-81FE-9888C2A8B51E}.Release|Any CPU.ActiveCfg = Release|Any CPU
		{E6D23F30-45B9-4D77-81FE-9888C2A8B51E}.Release|Any CPU.Build.0 = Release|Any CPU
		{45DCC882-E5F4-417A-A6F3-F02B0F00F9A4}.Debug|Any CPU.ActiveCfg = Debug|Any CPU
		{45DCC882-E5F4-417A-A6F3-F02B0F00F9A4}.Debug|Any CPU.Build.0 = Debug|Any CPU
		{45DCC882-E5F4-417A-A6F3-F02B0F00F9A4}.Release|Any CPU.ActiveCfg = Release|Any CPU
		{45DCC882-E5F4-417A-A6F3-F02B0F00F9A4}.Release|Any CPU.Build.0 = Release|Any CPU
		{7CC7608C-56CB-4F74-98FB-F850C7F958DA}.Debug|Any CPU.ActiveCfg = Debug|Any CPU
		{7CC7608C-56CB-4F74-98FB-F850C7F958DA}.Debug|Any CPU.Build.0 = Debug|Any CPU
		{7CC7608C-56CB-4F74-98FB-F850C7F958DA}.Release|Any CPU.ActiveCfg = Release|Any CPU
		{7CC7608C-56CB-4F74-98FB-F850C7F958DA}.Release|Any CPU.Build.0 = Release|Any CPU
		{7AC68144-4D46-4753-A3BF-3D822CDB836B}.Debug|Any CPU.ActiveCfg = Debug|Any CPU
		{7AC68144-4D46-4753-A3BF-3D822CDB836B}.Debug|Any CPU.Build.0 = Debug|Any CPU
		{7AC68144-4D46-4753-A3BF-3D822CDB836B}.Release|Any CPU.ActiveCfg = Release|Any CPU
		{7AC68144-4D46-4753-A3BF-3D822CDB836B}.Release|Any CPU.Build.0 = Release|Any CPU
		{6408EE36-F673-45FA-A9CF-79461C1C671D}.Debug|Any CPU.ActiveCfg = Debug|Any CPU
		{6408EE36-F673-45FA-A9CF-79461C1C671D}.Debug|Any CPU.Build.0 = Debug|Any CPU
		{6408EE36-F673-45FA-A9CF-79461C1C671D}.Release|Any CPU.ActiveCfg = Release|Any CPU
		{6408EE36-F673-45FA-A9CF-79461C1C671D}.Release|Any CPU.Build.0 = Release|Any CPU
		{ABD018BE-413F-4847-8156-6BB68AD215E9}.Debug|Any CPU.ActiveCfg = Debug|Any CPU
		{ABD018BE-413F-4847-8156-6BB68AD215E9}.Debug|Any CPU.Build.0 = Debug|Any CPU
		{ABD018BE-413F-4847-8156-6BB68AD215E9}.Release|Any CPU.ActiveCfg = Release|Any CPU
		{ABD018BE-413F-4847-8156-6BB68AD215E9}.Release|Any CPU.Build.0 = Release|Any CPU
		{998975B1-4F3F-4F47-B358-EE829C1D12F7}.Debug|Any CPU.ActiveCfg = Debug|Any CPU
		{998975B1-4F3F-4F47-B358-EE829C1D12F7}.Debug|Any CPU.Build.0 = Debug|Any CPU
		{998975B1-4F3F-4F47-B358-EE829C1D12F7}.Release|Any CPU.ActiveCfg = Release|Any CPU
		{998975B1-4F3F-4F47-B358-EE829C1D12F7}.Release|Any CPU.Build.0 = Release|Any CPU
		{63E8B88A-1DE5-459E-A48E-B5ACDD934C36}.Debug|Any CPU.ActiveCfg = Debug|Any CPU
		{63E8B88A-1DE5-459E-A48E-B5ACDD934C36}.Debug|Any CPU.Build.0 = Debug|Any CPU
		{63E8B88A-1DE5-459E-A48E-B5ACDD934C36}.Release|Any CPU.ActiveCfg = Release|Any CPU
		{63E8B88A-1DE5-459E-A48E-B5ACDD934C36}.Release|Any CPU.Build.0 = Release|Any CPU
		{3E57535A-5836-4635-BB36-B883B78C741A}.Debug|Any CPU.ActiveCfg = Debug|Any CPU
		{3E57535A-5836-4635-BB36-B883B78C741A}.Debug|Any CPU.Build.0 = Debug|Any CPU
		{3E57535A-5836-4635-BB36-B883B78C741A}.Release|Any CPU.ActiveCfg = Release|Any CPU
		{3E57535A-5836-4635-BB36-B883B78C741A}.Release|Any CPU.Build.0 = Release|Any CPU
		{12303825-7C58-4CA7-9D83-99472355397E}.Debug|Any CPU.ActiveCfg = Debug|Any CPU
		{12303825-7C58-4CA7-9D83-99472355397E}.Debug|Any CPU.Build.0 = Debug|Any CPU
		{12303825-7C58-4CA7-9D83-99472355397E}.Release|Any CPU.ActiveCfg = Release|Any CPU
		{12303825-7C58-4CA7-9D83-99472355397E}.Release|Any CPU.Build.0 = Release|Any CPU
		{B081D9BF-DB8B-4B5B-9B7C-9A8ABF2A116B}.Debug|Any CPU.ActiveCfg = Debug|Any CPU
		{B081D9BF-DB8B-4B5B-9B7C-9A8ABF2A116B}.Debug|Any CPU.Build.0 = Debug|Any CPU
		{B081D9BF-DB8B-4B5B-9B7C-9A8ABF2A116B}.Release|Any CPU.ActiveCfg = Release|Any CPU
		{B081D9BF-DB8B-4B5B-9B7C-9A8ABF2A116B}.Release|Any CPU.Build.0 = Release|Any CPU
		{1C0860C7-091F-4429-97BF-3EA41B33EDB8}.Debug|Any CPU.ActiveCfg = Debug|Any CPU
		{1C0860C7-091F-4429-97BF-3EA41B33EDB8}.Debug|Any CPU.Build.0 = Debug|Any CPU
		{1C0860C7-091F-4429-97BF-3EA41B33EDB8}.Release|Any CPU.ActiveCfg = Release|Any CPU
		{1C0860C7-091F-4429-97BF-3EA41B33EDB8}.Release|Any CPU.Build.0 = Release|Any CPU
		{A3484602-8A65-4C4C-B4FA-858948F25E7F}.Debug|Any CPU.ActiveCfg = Debug|Any CPU
		{A3484602-8A65-4C4C-B4FA-858948F25E7F}.Debug|Any CPU.Build.0 = Debug|Any CPU
		{A3484602-8A65-4C4C-B4FA-858948F25E7F}.Release|Any CPU.ActiveCfg = Release|Any CPU
		{A3484602-8A65-4C4C-B4FA-858948F25E7F}.Release|Any CPU.Build.0 = Release|Any CPU
		{630BFC3E-9D26-490C-9CC7-055A08BDCB9D}.Debug|Any CPU.ActiveCfg = Debug|Any CPU
		{630BFC3E-9D26-490C-9CC7-055A08BDCB9D}.Debug|Any CPU.Build.0 = Debug|Any CPU
		{630BFC3E-9D26-490C-9CC7-055A08BDCB9D}.Release|Any CPU.ActiveCfg = Release|Any CPU
		{630BFC3E-9D26-490C-9CC7-055A08BDCB9D}.Release|Any CPU.Build.0 = Release|Any CPU
		{8DEAB6C8-C31F-47DB-9DBF-47CB7D739FA1}.Debug|Any CPU.ActiveCfg = Debug|Any CPU
		{8DEAB6C8-C31F-47DB-9DBF-47CB7D739FA1}.Debug|Any CPU.Build.0 = Debug|Any CPU
		{8DEAB6C8-C31F-47DB-9DBF-47CB7D739FA1}.Release|Any CPU.ActiveCfg = Release|Any CPU
		{8DEAB6C8-C31F-47DB-9DBF-47CB7D739FA1}.Release|Any CPU.Build.0 = Release|Any CPU
		{97B8BC04-9DEE-4FBE-93FB-EA5B0557AADC}.Debug|Any CPU.ActiveCfg = Debug|Any CPU
		{97B8BC04-9DEE-4FBE-93FB-EA5B0557AADC}.Debug|Any CPU.Build.0 = Debug|Any CPU
		{97B8BC04-9DEE-4FBE-93FB-EA5B0557AADC}.Release|Any CPU.ActiveCfg = Release|Any CPU
		{97B8BC04-9DEE-4FBE-93FB-EA5B0557AADC}.Release|Any CPU.Build.0 = Release|Any CPU
		{F4520B16-8326-49D3-B04C-BE35E98384BE}.Debug|Any CPU.ActiveCfg = Debug|Any CPU
		{F4520B16-8326-49D3-B04C-BE35E98384BE}.Debug|Any CPU.Build.0 = Debug|Any CPU
		{F4520B16-8326-49D3-B04C-BE35E98384BE}.Release|Any CPU.ActiveCfg = Release|Any CPU
		{F4520B16-8326-49D3-B04C-BE35E98384BE}.Release|Any CPU.Build.0 = Release|Any CPU
		{9741E4B2-DF4C-4FB1-856D-6C5492D57900}.Debug|Any CPU.ActiveCfg = Debug|Any CPU
		{9741E4B2-DF4C-4FB1-856D-6C5492D57900}.Debug|Any CPU.Build.0 = Debug|Any CPU
		{9741E4B2-DF4C-4FB1-856D-6C5492D57900}.Release|Any CPU.ActiveCfg = Release|Any CPU
		{9741E4B2-DF4C-4FB1-856D-6C5492D57900}.Release|Any CPU.Build.0 = Release|Any CPU
	EndGlobalSection
	GlobalSection(SolutionProperties) = preSolution
		HideSolutionNode = FALSE
	EndGlobalSection
	GlobalSection(ExtensibilityGlobals) = postSolution
		SolutionGuid = {90664AE3-8801-42B2-8FE4-44C9699A7060}
	EndGlobalSection
EndGlobal
